schema: '2.0'
stages:
  get_data:
    cmd: python src/get_data.py
    deps:
    - path: src/get_data.py
      hash: md5
      md5: 3e362b79512875eaf44f20ddc53d6be2
      size: 341
    outs:
    - path: data/raw/california_housing.csv
      hash: md5
      md5: ca5b757f0729c68d74d05bf9d9ca8486
      size: 1895154
  preprocess:
    cmd: python src/data_preprocessing.py
    deps:
    - path: data/raw/california_housing.csv
      hash: md5
      md5: ca5b757f0729c68d74d05bf9d9ca8486
      size: 1895154
    - path: src/data_preprocessing.py
      hash: md5
      md5: 10e054e377f64591a0cb64f4f108c7e6
      size: 447
    outs:
    - path: data/processed/california_housing.csv
      hash: md5
      md5: dc3652d63a7db03d872bd2b109229c29
      size: 1986071
  train:
    cmd: python src/train_model.py
    deps:
    - path: data/processed/california_housing.csv
      hash: md5
      md5: dc3652d63a7db03d872bd2b109229c29
      size: 1986071
    - path: src/train_model.py
      hash: md5
      md5: 89f2e97c622c6e84618544933031cb40
      size: 2634
    outs:
    - path: mlruns/
      hash: md5
      md5: a382a865b3790412f64574f3951e273c.dir
      size: 2294078
      nfiles: 54
    - path: models/DecisionTree.pkl
      hash: md5
      md5: b75c25efba13754fa744770d41f6f88f
      size: 2285713
    - path: models/LinearRegression.pkl
      hash: md5
      md5: 694691b0d7c02e3d51a9cb7286e399f3
      size: 1033
  fetch_data:
    cmd: python src/fetch_data.py
    deps:
    - path: src/fetch_data.py
      hash: md5
      md5: 01d46910e3670d10b1acf80beb251594
      size: 323
    outs:
    - path: data/raw/california_housing.csv
      hash: md5
      md5: ca5b757f0729c68d74d05bf9d9ca8486
      size: 1895154
